
Microsoft Visual Studio Solution File, Format Version 12.00
# Visual Studio Version 16
VisualStudioVersion = 16.0.31624.102
MinimumVisualStudioVersion = 10.0.40219.1
Project("{FAE04EC0-301F-11D3-BF4B-00C04F79EFBC}") = "Project5_WebApplication", "Project5_WebApplication\Project5_WebApplication.csproj", "{7318FF77-B787-4F89-8B4B-B2D3B13B2F0A}"
	ProjectSection(ProjectDependencies) = postProject
		{34466619-ECF0-4A2F-80EC-78487A4DAAF8} = {34466619-ECF0-4A2F-80EC-78487A4DAAF8}
	EndProjectSection
EndProject
Project("{FAE04EC0-301F-11D3-BF4B-00C04F79EFBC}") = "XMLWebService", "XMLWebService\XMLWebService.csproj", "{34466619-ECF0-4A2F-80EC-78487A4DAAF8}"
EndProject
Global
	GlobalSection(SolutionConfigurationPlatforms) = preSolution
		Debug|Any CPU = Debug|Any CPU
		Release|Any CPU = Release|Any CPU
	EndGlobalSection
	GlobalSection(ProjectConfigurationPlatforms) = postSolution
		{7318FF77-B787-4F89-8B4B-B2D3B13B2F0A}.Debug|Any CPU.ActiveCfg = Debug|Any CPU
		{7318FF77-B787-4F89-8B4B-B2D3B13B2F0A}.Debug|Any CPU.Build.0 = Debug|Any CPU
		{7318FF77-B787-4F89-8B4B-B2D3B13B2F0A}.Release|Any CPU.ActiveCfg = Release|Any CPU
		{7318FF77-B787-4F89-8B4B-B2D3B13B2F0A}.Release|Any CPU.Build.0 = Release|Any CPU
		{34466619-ECF0-4A2F-80EC-78487A4DAAF8}.Debug|Any CPU.ActiveCfg = Debug|Any CPU
		{34466619-ECF0-4A2F-80EC-78487A4DAAF8}.Debug|Any CPU.Build.0 = Debug|Any CPU
		{34466619-ECF0-4A2F-80EC-78487A4DAAF8}.Release|Any CPU.ActiveCfg = Release|Any CPU
		{34466619-ECF0-4A2F-80EC-78487A4DAAF8}.Release|Any CPU.Build.0 = Release|Any CPU
	EndGlobalSection
	GlobalSection(SolutionProperties) = preSolution
		HideSolutionNode = FALSE
	EndGlobalSection
	GlobalSection(ExtensibilityGlobals) = postSolution
		SolutionGuid = {F7ADF608-3CA4-4E9C-87F0-68D296B10C2C}
	EndGlobalSection
EndGlobal
